
Microsoft Visual Studio Solution File, Format Version 12.00
# Visual Studio Version 16
VisualStudioVersion = 16.0.31515.178
MinimumVisualStudioVersion = 10.0.40219.1
Project("{FAE04EC0-301F-11D3-BF4B-00C04F79EFBC}") = "RuaSegura.Android", "RuaSegura.Android\RuaSegura.Android.csproj", "{596B809E-F47E-4844-9A5D-EB0435B35B7F}"
EndProject
Project("{FAE04EC0-301F-11D3-BF4B-00C04F79EFBC}") = "RuaSegura", "RuaSegura\RuaSegura.csproj", "{F90643DC-071B-44C2-9917-696AFB10C1F5}"
EndProject
Global
	GlobalSection(SolutionConfigurationPlatforms) = preSolution
		Debug|Any CPU = Debug|Any CPU
		Release|Any CPU = Release|Any CPU
	EndGlobalSection
	GlobalSection(ProjectConfigurationPlatforms) = postSolution
		{596B809E-F47E-4844-9A5D-EB0435B35B7F}.Debug|Any CPU.ActiveCfg = Debug|Any CPU
		{596B809E-F47E-4844-9A5D-EB0435B35B7F}.Debug|Any CPU.Build.0 = Debug|Any CPU
		{596B809E-F47E-4844-9A5D-EB0435B35B7F}.Debug|Any CPU.Deploy.0 = Debug|Any CPU
		{596B809E-F47E-4844-9A5D-EB0435B35B7F}.Release|Any CPU.ActiveCfg = Release|Any CPU
		{596B809E-F47E-4844-9A5D-EB0435B35B7F}.Release|Any CPU.Build.0 = Release|Any CPU
		{596B809E-F47E-4844-9A5D-EB0435B35B7F}.Release|Any CPU.Deploy.0 = Release|Any CPU
		{F90643DC-071B-44C2-9917-696AFB10C1F5}.Debug|Any CPU.ActiveCfg = Debug|Any CPU
		{F90643DC-071B-44C2-9917-696AFB10C1F5}.Debug|Any CPU.Build.0 = Debug|Any CPU
		{F90643DC-071B-44C2-9917-696AFB10C1F5}.Debug|Any CPU.Deploy.0 = Debug|Any CPU
		{F90643DC-071B-44C2-9917-696AFB10C1F5}.Release|Any CPU.ActiveCfg = Release|Any CPU
		{F90643DC-071B-44C2-9917-696AFB10C1F5}.Release|Any CPU.Build.0 = Release|Any CPU
		{F90643DC-071B-44C2-9917-696AFB10C1F5}.Release|Any CPU.Deploy.0 = Release|Any CPU
	EndGlobalSection
	GlobalSection(SolutionProperties) = preSolution
		HideSolutionNode = FALSE
	EndGlobalSection
	GlobalSection(ExtensibilityGlobals) = postSolution
		SolutionGuid = {B3DA9127-BB2B-407C-81F4-147B0E282FD8}
	EndGlobalSection
EndGlobal
